
Microsoft Visual Studio Solution File, Format Version 12.00
# Visual Studio 15
VisualStudioVersion = 15.0.26124.0
MinimumVisualStudioVersion = 15.0.26124.0
Project("{9A19103F-16F7-4668-BE54-9A1E7A4F7556}") = "Transform", "Transform\Transform.csproj", "{55134E54-2B2E-4BA3-90C1-4ED70417D04E}"
EndProject
Project("{9A19103F-16F7-4668-BE54-9A1E7A4F7556}") = "Transform.Tests", "Transform.Tests\Transform.Tests.csproj", "{FD067E91-083F-4465-84EB-58AFFBB3BE5D}"
EndProject
Global
	GlobalSection(SolutionConfigurationPlatforms) = preSolution
		Debug|Any CPU = Debug|Any CPU
		Debug|x64 = Debug|x64
		Debug|x86 = Debug|x86
		Release|Any CPU = Release|Any CPU
		Release|x64 = Release|x64
		Release|x86 = Release|x86
	EndGlobalSection
	GlobalSection(ProjectConfigurationPlatforms) = postSolution
		{55134E54-2B2E-4BA3-90C1-4ED70417D04E}.Debug|Any CPU.ActiveCfg = Debug|Any CPU
		{55134E54-2B2E-4BA3-90C1-4ED70417D04E}.Debug|Any CPU.Build.0 = Debug|Any CPU
		{55134E54-2B2E-4BA3-90C1-4ED70417D04E}.Debug|x64.ActiveCfg = Debug|Any CPU
		{55134E54-2B2E-4BA3-90C1-4ED70417D04E}.Debug|x64.Build.0 = Debug|Any CPU
		{55134E54-2B2E-4BA3-90C1-4ED70417D04E}.Debug|x86.ActiveCfg = Debug|Any CPU
		{55134E54-2B2E-4BA3-90C1-4ED70417D04E}.Debug|x86.Build.0 = Debug|Any CPU
		{55134E54-2B2E-4BA3-90C1-4ED70417D04E}.Release|Any CPU.ActiveCfg = Release|Any CPU
		{55134E54-2B2E-4BA3-90C1-4ED70417D04E}.Release|Any CPU.Build.0 = Release|Any CPU
		{55134E54-2B2E-4BA3-90C1-4ED70417D04E}.Release|x64.ActiveCfg = Release|Any CPU
		{55134E54-2B2E-4BA3-90C1-4ED70417D04E}.Release|x64.Build.0 = Release|Any CPU
		{55134E54-2B2E-4BA3-90C1-4ED70417D04E}.Release|x86.ActiveCfg = Release|Any CPU
		{55134E54-2B2E-4BA3-90C1-4ED70417D04E}.Release|x86.Build.0 = Release|Any CPU
		{FD067E91-083F-4465-84EB-58AFFBB3BE5D}.Debug|Any CPU.ActiveCfg = Debug|Any CPU
		{FD067E91-083F-4465-84EB-58AFFBB3BE5D}.Debug|Any CPU.Build.0 = Debug|Any CPU
		{FD067E91-083F-4465-84EB-58AFFBB3BE5D}.Debug|x64.ActiveCfg = Debug|Any CPU
		{FD067E91-083F-4465-84EB-58AFFBB3BE5D}.Debug|x64.Build.0 = Debug|Any CPU
		{FD067E91-083F-4465-84EB-58AFFBB3BE5D}.Debug|x86.ActiveCfg = Debug|Any CPU
		{FD067E91-083F-4465-84EB-58AFFBB3BE5D}.Debug|x86.Build.0 = Debug|Any CPU
		{FD067E91-083F-4465-84EB-58AFFBB3BE5D}.Release|Any CPU.ActiveCfg = Release|Any CPU
		{FD067E91-083F-4465-84EB-58AFFBB3BE5D}.Release|Any CPU.Build.0 = Release|Any CPU
		{FD067E91-083F-4465-84EB-58AFFBB3BE5D}.Release|x64.ActiveCfg = Release|Any CPU
		{FD067E91-083F-4465-84EB-58AFFBB3BE5D}.Release|x64.Build.0 = Release|Any CPU
		{FD067E91-083F-4465-84EB-58AFFBB3BE5D}.Release|x86.ActiveCfg = Release|Any CPU
		{FD067E91-083F-4465-84EB-58AFFBB3BE5D}.Release|x86.Build.0 = Release|Any CPU
	EndGlobalSection
	GlobalSection(SolutionProperties) = preSolution
		HideSolutionNode = FALSE
	EndGlobalSection
	GlobalSection(ExtensibilityGlobals) = postSolution
		SolutionGuid = {94402987-1229-4713-ACDB-347FB815224E}
	EndGlobalSection
EndGlobal
